
Microsoft Visual Studio Solution File, Format Version 12.00
# Visual Studio Version 18
VisualStudioVersion = 18.6.11819.183 stable
MinimumVisualStudioVersion = 10.0.40219.1
Project("{FAE04EC0-301F-11D3-BF4B-00C04F79EFBC}") = "DeepSeekUsageTracker", "DeepSeekUsageTracker.csproj", "{7CB0E89A-206E-8B39-CEF3-74711E0331DC}"
EndProject
Global
	GlobalSection(SolutionConfigurationPlatforms) = preSolution
		Debug|Any CPU = Debug|Any CPU
		Release|Any CPU = Release|Any CPU
	EndGlobalSection
	GlobalSection(ProjectConfigurationPlatforms) = postSolution
		{7CB0E89A-206E-8B39-CEF3-74711E0331DC}.Debug|Any CPU.ActiveCfg = Debug|Any CPU
		{7CB0E89A-206E-8B39-CEF3-74711E0331DC}.Debug|Any CPU.Build.0 = Debug|Any CPU
		{7CB0E89A-206E-8B39-CEF3-74711E0331DC}.Release|Any CPU.ActiveCfg = Release|Any CPU
		{7CB0E89A-206E-8B39-CEF3-74711E0331DC}.Release|Any CPU.Build.0 = Release|Any CPU
	EndGlobalSection
	GlobalSection(SolutionProperties) = preSolution
		HideSolutionNode = FALSE
	EndGlobalSection
	GlobalSection(ExtensibilityGlobals) = postSolution
		SolutionGuid = {777887EE-6489-48F6-A235-1FBD182818D7}
	EndGlobalSection
EndGlobal
